{
  "name": "@tjmora/g-font",
  "version": "1.1.8",
  "lockfileVersion": 2,
  "requires": true,
  "packages": {
    "": {
      "name": "@tjmora/g-font",
      "version": "1.1.8",
      "license": "MIT",
      "dependencies": {
        "@tjmora/ts-range-types": "^1.0.5"
      },
      "devDependencies": {
        "typescript": "^4.8.4"
      }
    },
    "node_modules/@tjmora/ts-range-types": {
      "version": "1.0.5",
      "resolved": "https://registry.npmjs.org/@tjmora/ts-range-types/-/ts-range-types-1.0.5.tgz",
      "integrity": "sha512-aAntJIT3CAu/+YUSDZ9OXje6mhRbZc//99mLlyuTL/Az5hdt9R6gA/0W+PMfwAvr+K/0nkSGwefSp7dL952ZyA=="
    },
    "node_modules/typescript": {
      "version": "4.8.4",
      "resolved": "https://registry.npmjs.org/typescript/-/typescript-4.8.4.tgz",
      "integrity": "sha512-QCh+85mCy+h0IGff8r5XWzOVSbBO+KfeYrMQh7NJ58QujwcE22u+NUSmUxqF+un70P9GXKxa2HCNiTTMJknyjQ==",
      "dev": true,
      "bin": {
        "tsc": "bin/tsc",
        "tsserver": "bin/tsserver"
      },
      "engines": {
        "node": ">=4.2.0"
      }
    }
  },
  "dependencies": {
    "@tjmora/ts-range-types": {
      "version": "1.0.5",
      "resolved": "https://registry.npmjs.org/@tjmora/ts-range-types/-/ts-range-types-1.0.5.tgz",
      "integrity": "sha512-aAntJIT3CAu/+YUSDZ9OXje6mhRbZc//99mLlyuTL/Az5hdt9R6gA/0W+PMfwAvr+K/0nkSGwefSp7dL952ZyA=="
    },
    "typescript": {
      "version": "4.8.4",
      "resolved": "https://registry.npmjs.org/typescript/-/typescript-4.8.4.tgz",
      "integrity": "sha512-QCh+85mCy+h0IGff8r5XWzOVSbBO+KfeYrMQh7NJ58QujwcE22u+NUSmUxqF+un70P9GXKxa2HCNiTTMJknyjQ==",
      "dev": true
    }
  }
}
