{
  "name": "@tjmora/g-font",
  "version": "1.2.17",
  "lockfileVersion": 2,
  "requires": true,
  "packages": {
    "": {
      "name": "@tjmora/g-font",
      "version": "1.2.17",
      "license": "MIT",
      "dependencies": {
        "@tjmora/ts-range-types": "^1.0.8"
      },
      "devDependencies": {
        "typescript": "^4.8.4"
      }
    },
    "node_modules/@tjmora/ts-range-types": {
      "version": "1.0.8",
      "resolved": "https://registry.npmjs.org/@tjmora/ts-range-types/-/ts-range-types-1.0.8.tgz",
      "integrity": "sha512-yDn+ynPuJATtm7hPJzVuXfhidHg+KTN8LgTMl0f280aXJxV1kGZ4iyOY4YXk+xofbR7oOdIhHWPEOKNk1IKu0Q=="
    },
    "node_modules/typescript": {
      "version": "4.8.4",
      "resolved": "https://registry.npmjs.org/typescript/-/typescript-4.8.4.tgz",
      "integrity": "sha512-QCh+85mCy+h0IGff8r5XWzOVSbBO+KfeYrMQh7NJ58QujwcE22u+NUSmUxqF+un70P9GXKxa2HCNiTTMJknyjQ==",
      "dev": true,
      "bin": {
        "tsc": "bin/tsc",
        "tsserver": "bin/tsserver"
      },
      "engines": {
        "node": ">=4.2.0"
      }
    }
  },
  "dependencies": {
    "@tjmora/ts-range-types": {
      "version": "1.0.8",
      "resolved": "https://registry.npmjs.org/@tjmora/ts-range-types/-/ts-range-types-1.0.8.tgz",
      "integrity": "sha512-yDn+ynPuJATtm7hPJzVuXfhidHg+KTN8LgTMl0f280aXJxV1kGZ4iyOY4YXk+xofbR7oOdIhHWPEOKNk1IKu0Q=="
    },
    "typescript": {
      "version": "4.8.4",
      "resolved": "https://registry.npmjs.org/typescript/-/typescript-4.8.4.tgz",
      "integrity": "sha512-QCh+85mCy+h0IGff8r5XWzOVSbBO+KfeYrMQh7NJ58QujwcE22u+NUSmUxqF+un70P9GXKxa2HCNiTTMJknyjQ==",
      "dev": true
    }
  }
}
